<?xml version="1.0" encoding="utf-8"?>
<Project ToolsVersion="4.0" xmlns="http://schemas.microsoft.com/developer/msbuild/2003">
  <ItemGroup>
    <Filter Include="Source Files">
      <UniqueIdentifier>{4FC737F1-C7A5-4376-A066-2A32D752A2FF}</UniqueIdentifier>
      <Extensions>cpp;c;cc;cxx;def;odl;idl;hpj;bat;asm;asmx</Extensions>
    </Filter>
    <Filter Include="Header Files">
      <UniqueIdentifier>{93995380-89BD-4b04-88EB-625FBE52EBFB}</UniqueIdentifier>
      <Extensions>h;hh;hpp;hxx;hm;inl;inc;ipp;xsd</Extensions>
    </Filter>
    <Filter Include="Resource Files">
      <UniqueIdentifier>{67DA6AB6-F800-4c08-8B7A-83BB121AAD01}</UniqueIdentifier>
      <Extensions>rc;ico;cur;bmp;dlg;rc2;rct;bin;rgs;gif;jpg;jpeg;jpe;resx;tiff;tif;png;wav;mfcribbon-ms</Extensions>
    </Filter>
  </ItemGroup>
  <ItemGroup>
    <ClCompile Include="main\Main.cpp">
      <Filter>Source Files</Filter>
    </ClCompile>
    <ClCompile Include="file\FileReader.cpp">
      <Filter>Source Files</Filter>
    </ClCompile>
    <ClCompile Include="file\FileWriter.cpp">
      <Filter>Source Files</Filter>
    </ClCompile>
    <ClCompile Include="time\Timer.cpp">
      <Filter>Source Files</Filter>
    </ClCompile>
    <ClCompile Include="time\GameTimer.cpp">
      <Filter>Source Files</Filter>
    </ClCompile>
    <ClCompile Include="memory\TypelessPool.cpp">
      <Filter>Source Files</Filter>
    </ClCompile>
    <ClCompile Include="input\Mouse.cpp">
      <Filter>Source Files</Filter>
    </ClCompile>
    <ClCompile Include="input\InputQueue.cpp">
      <Filter>Source Files</Filter>
    </ClCompile>
    <ClCompile Include="event\EventManager.cpp">
      <Filter>Source Files</Filter>
    </ClCompile>
    <ClCompile Include="time\GameLoop.cpp">
      <Filter>Source Files</Filter>
    </ClCompile>
  </ItemGroup>
  <ItemGroup>
    <ClInclude Include="test\Test.h">
      <Filter>Header Files</Filter>
    </ClInclude>
    <ClInclude Include="test\impl\MPTest.h">
      <Filter>Header Files</Filter>
    </ClInclude>
    <ClInclude Include="other\ServiceLocator.h">
      <Filter>Header Files</Filter>
    </ClInclude>
    <ClInclude Include="logging\Logger.h">
      <Filter>Header Files</Filter>
    </ClInclude>
    <ClInclude Include="file\FileReader.h">
      <Filter>Header Files</Filter>
    </ClInclude>
    <ClInclude Include="other\KeyCodes.h">
      <Filter>Header Files</Filter>
    </ClInclude>
    <ClInclude Include="file\FileWriter.h">
      <Filter>Header Files</Filter>
    </ClInclude>
    <ClInclude Include="test\impl\FileTest.h">
      <Filter>Header Files</Filter>
    </ClInclude>
    <ClInclude Include="time\Timer.h">
      <Filter>Header Files</Filter>
    </ClInclude>
    <ClInclude Include="time\GameTimer.h">
      <Filter>Header Files</Filter>
    </ClInclude>
    <ClInclude Include="threads\ThreadPool.h">
      <Filter>Header Files</Filter>
    </ClInclude>
    <ClInclude Include="state\FSM.h">
      <Filter>Header Files</Filter>
    </ClInclude>
    <ClInclude Include="state\BaseState.h">
      <Filter>Header Files</Filter>
    </ClInclude>
    <ClInclude Include="memory\TypelessPool.h">
      <Filter>Header Files</Filter>
    </ClInclude>
    <ClInclude Include="memory\MemoryPool.h">
      <Filter>Header Files</Filter>
    </ClInclude>
    <ClInclude Include="input\Mouse.h">
      <Filter>Header Files</Filter>
    </ClInclude>
    <ClInclude Include="input\InputQueue.h">
      <Filter>Header Files</Filter>
    </ClInclude>
    <ClInclude Include="event\EventManager.h">
      <Filter>Header Files</Filter>
    </ClInclude>
    <ClInclude Include="event\Event.h">
      <Filter>Header Files</Filter>
    </ClInclude>
    <ClInclude Include="time\GameLoop.h">
      <Filter>Header Files</Filter>
    </ClInclude>
    <ClInclude Include="test\impl\GameLoopTest.h">
      <Filter>Header Files</Filter>
    </ClInclude>
    <ClInclude Include="test\impl\StateTest.h">
      <Filter>Header Files</Filter>
    </ClInclude>
  </ItemGroup>
</Project>